Microsoft Visual Studio Solution File, Format Version 12.00
# Visual Studio Version 16
VisualStudioVersion = 16.0.0.0
MinimumVisualStudioVersion = 16.0.0.0
Project("{9A19103F-16F7-4668-BE54-9A1E7A4F7556}") = "MyApplication", "MyApplication\MyApplication.csproj", "{8043DD76-FBB5-4D70-8F83-A1A6B173319F}"
EndProject
Project("{9A19103F-16F7-4668-BE54-9A1E7A4F7556}") = "MyApplication.Client", "MyApplication.Client\MyApplication.Client.csproj", "{C3E5ED89-DF8B-41B4-ABED-9D7C7678EEDB}"
EndProject
Global
	GlobalSection(SolutionConfigurationPlatforms) = preSolution
		Debug|Any CPU = Debug|Any CPU
		Debug|x64 = Debug|x64
		Debug|x86 = Debug|x86
		Release|Any CPU = Release|Any CPU
		Release|x64 = Release|x64
		Release|x86 = Release|x86
	EndGlobalSection
	GlobalSection(ProjectConfigurationPlatforms) = postSolution
		{C3E5ED89-DF8B-41B4-ABED-9D7C7678EEDB}.Debug|Any CPU.ActiveCfg = Debug|Any CPU
		{C3E5ED89-DF8B-41B4-ABED-9D7C7678EEDB}.Debug|Any CPU.Build.0 = Debug|Any CPU
		{C3E5ED89-DF8B-41B4-ABED-9D7C7678EEDB}.Debug|x64.ActiveCfg = Debug|Any CPU
		{C3E5ED89-DF8B-41B4-ABED-9D7C7678EEDB}.Debug|x64.Build.0 = Debug|Any CPU
		{C3E5ED89-DF8B-41B4-ABED-9D7C7678EEDB}.Debug|x86.ActiveCfg = Debug|Any CPU
		{C3E5ED89-DF8B-41B4-ABED-9D7C7678EEDB}.Debug|x86.Build.0 = Debug|Any CPU
		{C3E5ED89-DF8B-41B4-ABED-9D7C7678EEDB}.Release|Any CPU.ActiveCfg = Release|Any CPU
		{C3E5ED89-DF8B-41B4-ABED-9D7C7678EEDB}.Release|Any CPU.Build.0 = Release|Any CPU
		{C3E5ED89-DF8B-41B4-ABED-9D7C7678EEDB}.Release|x64.ActiveCfg = Release|Any CPU
		{C3E5ED89-DF8B-41B4-ABED-9D7C7678EEDB}.Release|x64.Build.0 = Release|Any CPU
		{C3E5ED89-DF8B-41B4-ABED-9D7C7678EEDB}.Release|x86.ActiveCfg = Release|Any CPU
		{C3E5ED89-DF8B-41B4-ABED-9D7C7678EEDB}.Release|x86.Build.0 = Release|Any CPU
		{8043DD76-FBB5-4D70-8F83-A1A6B173319F}.Debug|Any CPU.ActiveCfg = Debug|Any CPU
		{8043DD76-FBB5-4D70-8F83-A1A6B173319F}.Debug|Any CPU.Build.0 = Debug|Any CPU
		{8043DD76-FBB5-4D70-8F83-A1A6B173319F}.Debug|x64.ActiveCfg = Debug|Any CPU
		{8043DD76-FBB5-4D70-8F83-A1A6B173319F}.Debug|x64.Build.0 = Debug|Any CPU
		{8043DD76-FBB5-4D70-8F83-A1A6B173319F}.Debug|x86.ActiveCfg = Debug|Any CPU
		{8043DD76-FBB5-4D70-8F83-A1A6B173319F}.Debug|x86.Build.0 = Debug|Any CPU
		{8043DD76-FBB5-4D70-8F83-A1A6B173319F}.Release|Any CPU.ActiveCfg = Release|Any CPU
		{8043DD76-FBB5-4D70-8F83-A1A6B173319F}.Release|Any CPU.Build.0 = Release|Any CPU
		{8043DD76-FBB5-4D70-8F83-A1A6B173319F}.Release|x64.ActiveCfg = Release|Any CPU
		{8043DD76-FBB5-4D70-8F83-A1A6B173319F}.Release|x64.Build.0 = Release|Any CPU
		{8043DD76-FBB5-4D70-8F83-A1A6B173319F}.Release|x86.ActiveCfg = Release|Any CPU
		{8043DD76-FBB5-4D70-8F83-A1A6B173319F}.Release|x86.Build.0 = Release|Any CPU
	EndGlobalSection
	GlobalSection(SolutionProperties) = preSolution
		HideSolutionNode = FALSE
	EndGlobalSection
	GlobalSection(ExtensibilityGlobals) = postSolution
		SolutionGuid = {FCFE7487-4EBF-4857-B7BB-2376B6770823}
	EndGlobalSection
EndGlobal
